
Microsoft Visual Studio Solution File, Format Version 12.00
# Visual Studio Version 17
VisualStudioVersion = 17.11.35222.181
MinimumVisualStudioVersion = 10.0.40219.1
Project("{FAE04EC0-301F-11D3-BF4B-00C04F79EFBC}") = "PackItemsSqlite", "PackItemsSqlite\PackItemsSqlite.csproj", "{1908CDDA-EFD4-45F9-9897-FB3208473AAF}"
EndProject
Project("{FAE04EC0-301F-11D3-BF4B-00C04F79EFBC}") = "PackItemsWt", "PackItemsWt\PackItemsWt.csproj", "{9EDD1A8C-2197-43EC-A4F5-7625E76FA086}"
EndProject
Global
	GlobalSection(SolutionConfigurationPlatforms) = preSolution
		Debug|Any CPU = Debug|Any CPU
		Release|Any CPU = Release|Any CPU
	EndGlobalSection
	GlobalSection(ProjectConfigurationPlatforms) = postSolution
		{1908CDDA-EFD4-45F9-9897-FB3208473AAF}.Debug|Any CPU.ActiveCfg = Debug|Any CPU
		{1908CDDA-EFD4-45F9-9897-FB3208473AAF}.Debug|Any CPU.Build.0 = Debug|Any CPU
		{1908CDDA-EFD4-45F9-9897-FB3208473AAF}.Release|Any CPU.ActiveCfg = Release|Any CPU
		{1908CDDA-EFD4-45F9-9897-FB3208473AAF}.Release|Any CPU.Build.0 = Release|Any CPU
		{9EDD1A8C-2197-43EC-A4F5-7625E76FA086}.Debug|Any CPU.ActiveCfg = Debug|Any CPU
		{9EDD1A8C-2197-43EC-A4F5-7625E76FA086}.Debug|Any CPU.Build.0 = Debug|Any CPU
		{9EDD1A8C-2197-43EC-A4F5-7625E76FA086}.Release|Any CPU.ActiveCfg = Release|Any CPU
		{9EDD1A8C-2197-43EC-A4F5-7625E76FA086}.Release|Any CPU.Build.0 = Release|Any CPU
	EndGlobalSection
	GlobalSection(SolutionProperties) = preSolution
		HideSolutionNode = FALSE
	EndGlobalSection
	GlobalSection(ExtensibilityGlobals) = postSolution
		SolutionGuid = {4D602AE7-F966-46BB-83DB-321B11789967}
	EndGlobalSection
EndGlobal
